
Microsoft Visual Studio Solution File, Format Version 12.00
# Visual Studio 15
VisualStudioVersion = 15.0.28010.2003
MinimumVisualStudioVersion = 10.0.40219.1
Project("{FAE04EC0-301F-11D3-BF4B-00C04F79EFBC}") = "CSharp2(Variables and Comparators", "CSharp2(Variables and Comparators.csproj", "{3E9F095C-665A-4ABF-B1CA-1D4EF1447F87}"
EndProject
Global
	GlobalSection(SolutionConfigurationPlatforms) = preSolution
		Debug|Any CPU = Debug|Any CPU
		Release|Any CPU = Release|Any CPU
	EndGlobalSection
	GlobalSection(ProjectConfigurationPlatforms) = postSolution
		{3E9F095C-665A-4ABF-B1CA-1D4EF1447F87}.Debug|Any CPU.ActiveCfg = Debug|Any CPU
		{3E9F095C-665A-4ABF-B1CA-1D4EF1447F87}.Debug|Any CPU.Build.0 = Debug|Any CPU
		{3E9F095C-665A-4ABF-B1CA-1D4EF1447F87}.Release|Any CPU.ActiveCfg = Release|Any CPU
		{3E9F095C-665A-4ABF-B1CA-1D4EF1447F87}.Release|Any CPU.Build.0 = Release|Any CPU
	EndGlobalSection
	GlobalSection(SolutionProperties) = preSolution
		HideSolutionNode = FALSE
	EndGlobalSection
	GlobalSection(ExtensibilityGlobals) = postSolution
		SolutionGuid = {05F46BE9-DBFA-47C6-B723-6CF37F44FE8F}
	EndGlobalSection
EndGlobal
